
Microsoft Visual Studio Solution File, Format Version 12.00
# Visual Studio Version 17
VisualStudioVersion = 17.3.32922.545
MinimumVisualStudioVersion = 10.0.40219.1
Project("{FAE04EC0-301F-11D3-BF4B-00C04F79EFBC}") = "EntityFramework", "EntityFramework\EntityFramework.csproj", "{ADD4BF74-ED8A-4DA8-8AEE-11E69A185323}"
EndProject
Global
	GlobalSection(SolutionConfigurationPlatforms) = preSolution
		Debug|Any CPU = Debug|Any CPU
		Release|Any CPU = Release|Any CPU
	EndGlobalSection
	GlobalSection(ProjectConfigurationPlatforms) = postSolution
		{ADD4BF74-ED8A-4DA8-8AEE-11E69A185323}.Debug|Any CPU.ActiveCfg = Debug|Any CPU
		{ADD4BF74-ED8A-4DA8-8AEE-11E69A185323}.Debug|Any CPU.Build.0 = Debug|Any CPU
		{ADD4BF74-ED8A-4DA8-8AEE-11E69A185323}.Release|Any CPU.ActiveCfg = Release|Any CPU
		{ADD4BF74-ED8A-4DA8-8AEE-11E69A185323}.Release|Any CPU.Build.0 = Release|Any CPU
	EndGlobalSection
	GlobalSection(SolutionProperties) = preSolution
		HideSolutionNode = FALSE
	EndGlobalSection
	GlobalSection(ExtensibilityGlobals) = postSolution
		SolutionGuid = {FC250D80-A8FD-4AD0-ADE0-42AD02809FD7}
	EndGlobalSection
EndGlobal
